github.com/golang/protobuf v1.2.0 h1:P3YflyNX/ehuJFLhxviNdFxQPkGK5cDcApsge1SqnvM=
github.com/golang/protobuf v1.2.0/go.mod h1:6lQm79b+lXiMfvg/cZm0SGofjICqVBUtrP5yJMmIC1U=
github.com/twitchtv/twirp v5.5.0+incompatible h1:fiY15GnLE0RM9xRkddwL2m6NjKmMyrr4hiHzHxtpmj8=
github.com/twitchtv/twirp v5.5.0+incompatible/go.mod h1:RRJoFSAmTEh2weEqWtpPE3vFK5YBhA6bqp2l1kfCC5A=
